
Microsoft Visual Studio Solution File, Format Version 12.00
# Visual Studio Version 17
VisualStudioVersion = 17.10.35027.167
MinimumVisualStudioVersion = 10.0.40219.1
Project("{FAE04EC0-301F-11D3-BF4B-00C04F79EFBC}") = "JogoForca_", "JogoForca_\JogoForca_.csproj", "{4EF5543A-859E-46EB-9DF2-A7E6E3E6F846}"
EndProject
Global
	GlobalSection(SolutionConfigurationPlatforms) = preSolution
		Debug|Any CPU = Debug|Any CPU
		Release|Any CPU = Release|Any CPU
	EndGlobalSection
	GlobalSection(ProjectConfigurationPlatforms) = postSolution
		{4EF5543A-859E-46EB-9DF2-A7E6E3E6F846}.Debug|Any CPU.ActiveCfg = Debug|Any CPU
		{4EF5543A-859E-46EB-9DF2-A7E6E3E6F846}.Debug|Any CPU.Build.0 = Debug|Any CPU
		{4EF5543A-859E-46EB-9DF2-A7E6E3E6F846}.Release|Any CPU.ActiveCfg = Release|Any CPU
		{4EF5543A-859E-46EB-9DF2-A7E6E3E6F846}.Release|Any CPU.Build.0 = Release|Any CPU
	EndGlobalSection
	GlobalSection(SolutionProperties) = preSolution
		HideSolutionNode = FALSE
	EndGlobalSection
	GlobalSection(ExtensibilityGlobals) = postSolution
		SolutionGuid = {476BA540-427C-4763-9EE3-FC2F495964A8}
	EndGlobalSection
EndGlobal
