
Microsoft Visual Studio Solution File, Format Version 12.00
# Visual Studio Version 17
VisualStudioVersion = 17.10.35027.167
MinimumVisualStudioVersion = 10.0.40219.1
Project("{FAE04EC0-301F-11D3-BF4B-00C04F79EFBC}") = "TCC_SENAI_CAUE-GUEDES", "TCC_SENAI_CAUE-GUEDES\TCC_SENAI_CAUE-GUEDES.csproj", "{79AC502D-D970-467D-A877-4E17EBFE6B9C}"
EndProject
Global
	GlobalSection(SolutionConfigurationPlatforms) = preSolution
		Debug|Any CPU = Debug|Any CPU
		Release|Any CPU = Release|Any CPU
	EndGlobalSection
	GlobalSection(ProjectConfigurationPlatforms) = postSolution
		{79AC502D-D970-467D-A877-4E17EBFE6B9C}.Debug|Any CPU.ActiveCfg = Debug|Any CPU
		{79AC502D-D970-467D-A877-4E17EBFE6B9C}.Debug|Any CPU.Build.0 = Debug|Any CPU
		{79AC502D-D970-467D-A877-4E17EBFE6B9C}.Release|Any CPU.ActiveCfg = Release|Any CPU
		{79AC502D-D970-467D-A877-4E17EBFE6B9C}.Release|Any CPU.Build.0 = Release|Any CPU
	EndGlobalSection
	GlobalSection(SolutionProperties) = preSolution
		HideSolutionNode = FALSE
	EndGlobalSection
	GlobalSection(ExtensibilityGlobals) = postSolution
		SolutionGuid = {6C78CCF1-6DEA-437C-8A71-50371D84B6CC}
	EndGlobalSection
EndGlobal
